// !$*UTF8*$!
{
	archiveVersion = 1;
	classes = {
	};
	objectVersion = 56;
	objects = {

/* Begin PBXBuildFile section */
		9F60A6A22B71ADCD00027624 /* CWC_Challenge_5App.swift in Sources */ = {isa = PBXBuildFile; fileRef = 9F60A6A12B71ADCD00027624 /* CWC_Challenge_5App.swift */; };
		9F60A6A42B71ADCD00027624 /* CompanyView.swift in Sources */ = {isa = PBXBuildFile; fileRef = 9F60A6A32B71ADCD00027624 /* CompanyView.swift */; };
		9F60A6A62B71ADCF00027624 /* Assets.xcassets in Resources */ = {isa = PBXBuildFile; fileRef = 9F60A6A52B71ADCF00027624 /* Assets.xcassets */; };
		9F60A6A92B71ADCF00027624 /* Preview Assets.xcassets in Resources */ = {isa = PBXBuildFile; fileRef = 9F60A6A82B71ADCF00027624 /* Preview Assets.xcassets */; };
		9F60A6B22B71AE5C00027624 /* DataService.swift in Sources */ = {isa = PBXBuildFile; fileRef = 9F60A6B12B71AE5C00027624 /* DataService.swift */; };
		9F60A6B42B71AF7800027624 /* Company.swift in Sources */ = {isa = PBXBuildFile; fileRef = 9F60A6B32B71AF7800027624 /* Company.swift */; };
		9F60A6B62B71AFE500027624 /* Department.swift in Sources */ = {isa = PBXBuildFile; fileRef = 9F60A6B52B71AFE500027624 /* Department.swift */; };
		9F60A6B82B71B03C00027624 /* Employee.swift in Sources */ = {isa = PBXBuildFile; fileRef = 9F60A6B72B71B03C00027624 /* Employee.swift */; };
		9F60A6BC2B71B0F600027624 /* DemoData.json in Resources */ = {isa = PBXBuildFile; fileRef = 9F60A6BB2B71B0F600027624 /* DemoData.json */; };
		9F60A6BE2B71B4EC00027624 /* DepartmentView.swift in Sources */ = {isa = PBXBuildFile; fileRef = 9F60A6BD2B71B4EC00027624 /* DepartmentView.swift */; };
		9F60A6C02B71B67900027624 /* EmployeeView.swift in Sources */ = {isa = PBXBuildFile; fileRef = 9F60A6BF2B71B67900027624 /* EmployeeView.swift */; };
		9F60A6C22B71B6D800027624 /* EmployeeRowView.swift in Sources */ = {isa = PBXBuildFile; fileRef = 9F60A6C12B71B6D800027624 /* EmployeeRowView.swift */; };
/* End PBXBuildFile section */

/* Begin PBXFileReference section */
		9F60A69E2B71ADCD00027624 /* CWC Challenge 5.app */ = {isa = PBXFileReference; explicitFileType = wrapper.application; includeInIndex = 0; path = "CWC Challenge 5.app"; sourceTree = BUILT_PRODUCTS_DIR; };
		9F60A6A12B71ADCD00027624 /* CWC_Challenge_5App.swift */ = {isa = PBXFileReference; lastKnownFileType = sourcecode.swift; path = CWC_Challenge_5App.swift; sourceTree = "<group>"; };
		9F60A6A32B71ADCD00027624 /* CompanyView.swift */ = {isa = PBXFileReference; lastKnownFileType = sourcecode.swift; path = CompanyView.swift; sourceTree = "<group>"; };
		9F60A6A52B71ADCF00027624 /* Assets.xcassets */ = {isa = PBXFileReference; lastKnownFileType = folder.assetcatalog; path = Assets.xcassets; sourceTree = "<group>"; };
		9F60A6A82B71ADCF00027624 /* Preview Assets.xcassets */ = {isa = PBXFileReference; lastKnownFileType = folder.assetcatalog; path = "Preview Assets.xcassets"; sourceTree = "<group>"; };
		9F60A6B12B71AE5C00027624 /* DataService.swift */ = {isa = PBXFileReference; lastKnownFileType = sourcecode.swift; path = DataService.swift; sourceTree = "<group>"; };
		9F60A6B32B71AF7800027624 /* Company.swift */ = {isa = PBXFileReference; lastKnownFileType = sourcecode.swift; path = Company.swift; sourceTree = "<group>"; };
		9F60A6B52B71AFE500027624 /* Department.swift */ = {isa = PBXFileReference; lastKnownFileType = sourcecode.swift; path = Department.swift; sourceTree = "<group>"; };
		9F60A6B72B71B03C00027624 /* Employee.swift */ = {isa = PBXFileReference; lastKnownFileType = sourcecode.swift; path = Employee.swift; sourceTree = "<group>"; };
		9F60A6BB2B71B0F600027624 /* DemoData.json */ = {isa = PBXFileReference; lastKnownFileType = text.json; path = DemoData.json; sourceTree = "<group>"; };
		9F60A6BD2B71B4EC00027624 /* DepartmentView.swift */ = {isa = PBXFileReference; lastKnownFileType = sourcecode.swift; path = DepartmentView.swift; sourceTree = "<group>"; };
		9F60A6BF2B71B67900027624 /* EmployeeView.swift */ = {isa = PBXFileReference; lastKnownFileType = sourcecode.swift; path = EmployeeView.swift; sourceTree = "<group>"; };
		9F60A6C12B71B6D800027624 /* EmployeeRowView.swift */ = {isa = PBXFileReference; lastKnownFileType = sourcecode.swift; path = EmployeeRowView.swift; sourceTree = "<group>"; };
/* End PBXFileReference section */

/* Begin PBXFrameworksBuildPhase section */
		9F60A69B2B71ADCD00027624 /* Frameworks */ = {
			isa = PBXFrameworksBuildPhase;
			buildActionMask = 2147483647;
			files = (
			);
			runOnlyForDeploymentPostprocessing = 0;
		};
/* End PBXFrameworksBuildPhase section */

/* Begin PBXGroup section */
		9F60A6952B71ADCD00027624 = {
			isa = PBXGroup;
			children = (
				9F60A6A02B71ADCD00027624 /* CWC Challenge 5 */,
				9F60A69F2B71ADCD00027624 /* Products */,
			);
			sourceTree = "<group>";
		};
		9F60A69F2B71ADCD00027624 /* Products */ = {
			isa = PBXGroup;
			children = (
				9F60A69E2B71ADCD00027624 /* CWC Challenge 5.app */,
			);
			name = Products;
			sourceTree = "<group>";
		};
		9F60A6A02B71ADCD00027624 /* CWC Challenge 5 */ = {
			isa = PBXGroup;
			children = (
				9F60A6B12B71AE5C00027624 /* DataService.swift */,
				9F60A6A12B71ADCD00027624 /* CWC_Challenge_5App.swift */,
				9F60A6A32B71ADCD00027624 /* CompanyView.swift */,
				9F60A6BD2B71B4EC00027624 /* DepartmentView.swift */,
				9F60A6BF2B71B67900027624 /* EmployeeView.swift */,
				9F60A6C12B71B6D800027624 /* EmployeeRowView.swift */,
				9F60A6A52B71ADCF00027624 /* Assets.xcassets */,
				9F60A6A72B71ADCF00027624 /* Preview Content */,
				9F60A6B32B71AF7800027624 /* Company.swift */,
				9F60A6B52B71AFE500027624 /* Department.swift */,
				9F60A6B72B71B03C00027624 /* Employee.swift */,
				9F60A6BB2B71B0F600027624 /* DemoData.json */,
			);
			path = "CWC Challenge 5";
			sourceTree = "<group>";
		};
		9F60A6A72B71ADCF00027624 /* Preview Content */ = {
			isa = PBXGroup;
			children = (
				9F60A6A82B71ADCF00027624 /* Preview Assets.xcassets */,
			);
			path = "Preview Content";
			sourceTree = "<group>";
		};
/* End PBXGroup section */

/* Begin PBXNativeTarget section */
		9F60A69D2B71ADCD00027624 /* CWC Challenge 5 */ = {
			isa = PBXNativeTarget;
			buildConfigurationList = 9F60A6AC2B71ADCF00027624 /* Build configuration list for PBXNativeTarget "CWC Challenge 5" */;
			buildPhases = (
				9F60A69A2B71ADCD00027624 /* Sources */,
				9F60A69B2B71ADCD00027624 /* Frameworks */,
				9F60A69C2B71ADCD00027624 /* Resources */,
			);
			buildRules = (
			);
			dependencies = (
			);
			name = "CWC Challenge 5";
			productName = "CWC Challenge 5";
			productReference = 9F60A69E2B71ADCD00027624 /* CWC Challenge 5.app */;
			productType = "com.apple.product-type.application";
		};
/* End PBXNativeTarget section */

/* Begin PBXProject section */
		9F60A6962B71ADCD00027624 /* Project object */ = {
			isa = PBXProject;
			attributes = {
				BuildIndependentTargetsInParallel = 1;
				LastSwiftUpdateCheck = 1520;
				LastUpgradeCheck = 1520;
				TargetAttributes = {
					9F60A69D2B71ADCD00027624 = {
						CreatedOnToolsVersion = 15.2;
					};
				};
			};
			buildConfigurationList = 9F60A6992B71ADCD00027624 /* Build configuration list for PBXProject "CWC Challenge 5" */;
			compatibilityVersion = "Xcode 14.0";
			developmentRegion = en;
			hasScannedForEncodings = 0;
			knownRegions = (
				en,
				Base,
			);
			mainGroup = 9F60A6952B71ADCD00027624;
			productRefGroup = 9F60A69F2B71ADCD00027624 /* Products */;
			projectDirPath = "";
			projectRoot = "";
			targets = (
				9F60A69D2B71ADCD00027624 /* CWC Challenge 5 */,
			);
		};
/* End PBXProject section */

/* Begin PBXResourcesBuildPhase section */
		9F60A69C2B71ADCD00027624 /* Resources */ = {
			isa = PBXResourcesBuildPhase;
			buildActionMask = 2147483647;
			files = (
				9F60A6A92B71ADCF00027624 /* Preview Assets.xcassets in Resources */,
				9F60A6BC2B71B0F600027624 /* DemoData.json in Resources */,
				9F60A6A62B71ADCF00027624 /* Assets.xcassets in Resources */,
			);
			runOnlyForDeploymentPostprocessing = 0;
		};
/* End PBXResourcesBuildPhase section */

/* Begin PBXSourcesBuildPhase section */
		9F60A69A2B71ADCD00027624 /* Sources */ = {
			isa = PBXSourcesBuildPhase;
			buildActionMask = 2147483647;
			files = (
				9F60A6C22B71B6D800027624 /* EmployeeRowView.swift in Sources */,
				9F60A6C02B71B67900027624 /* EmployeeView.swift in Sources */,
				9F60A6B22B71AE5C00027624 /* DataService.swift in Sources */,
				9F60A6B82B71B03C00027624 /* Employee.swift in Sources */,
				9F60A6A42B71ADCD00027624 /* CompanyView.swift in Sources */,
				9F60A6B62B71AFE500027624 /* Department.swift in Sources */,
				9F60A6BE2B71B4EC00027624 /* DepartmentView.swift in Sources */,
				9F60A6A22B71ADCD00027624 /* CWC_Challenge_5App.swift in Sources */,
				9F60A6B42B71AF7800027624 /* Company.swift in Sources */,
			);
			runOnlyForDeploymentPostprocessing = 0;
		};
/* End PBXSourcesBuildPhase section */

/* Begin XCBuildConfiguration section */
		9F60A6AA2B71ADCF00027624 /* Debug */ = {
			isa = XCBuildConfiguration;
			buildSettings = {
				ALWAYS_SEARCH_USER_PATHS = NO;
				ASSETCATALOG_COMPILER_GENERATE_SWIFT_ASSET_SYMBOL_EXTENSIONS = YES;
				CLANG_ANALYZER_NONNULL = YES;
				CLANG_ANALYZER_NUMBER_OBJECT_CONVERSION = YES_AGGRESSIVE;
				CLANG_CXX_LANGUAGE_STANDARD = "gnu++20";
				CLANG_ENABLE_MODULES = YES;
				CLANG_ENABLE_OBJC_ARC = YES;
				CLANG_ENABLE_OBJC_WEAK = YES;
				CLANG_WARN_BLOCK_CAPTURE_AUTORELEASING = YES;
				CLANG_WARN_BOOL_CONVERSION = YES;
				CLANG_WARN_COMMA = YES;
				CLANG_WARN_CONSTANT_CONVERSION = YES;
				CLANG_WARN_DEPRECATED_OBJC_IMPLEMENTATIONS = YES;
				CLANG_WARN_DIRECT_OBJC_ISA_USAGE = YES_ERROR;
				CLANG_WARN_DOCUMENTATION_COMMENTS = YES;
				CLANG_WARN_EMPTY_BODY = YES;
				CLANG_WARN_ENUM_CONVERSION = YES;
				CLANG_WARN_INFINITE_RECURSION = YES;
				CLANG_WARN_INT_CONVERSION = YES;
				CLANG_WARN_NON_LITERAL_NULL_CONVERSION = YES;
				CLANG_WARN_OBJC_IMPLICIT_RETAIN_SELF = YES;
				CLANG_WARN_OBJC_LITERAL_CONVERSION = YES;
				CLANG_WARN_OBJC_ROOT_CLASS = YES_ERROR;
				CLANG_WARN_QUOTED_INCLUDE_IN_FRAMEWORK_HEADER = YES;
				CLANG_WARN_RANGE_LOOP_ANALYSIS = YES;
				CLANG_WARN_STRICT_PROTOTYPES = YES;
				CLANG_WARN_SUSPICIOUS_MOVE = YES;
				CLANG_WARN_UNGUARDED_AVAILABILITY = YES_AGGRESSIVE;
				CLANG_WARN_UNREACHABLE_CODE = YES;
				CLANG_WARN__DUPLICATE_METHOD_MATCH = YES;
				COPY_PHASE_STRIP = NO;
				DEBUG_INFORMATION_FORMAT = dwarf;
				ENABLE_STRICT_OBJC_MSGSEND = YES;
				ENABLE_TESTABILITY = YES;
				ENABLE_USER_SCRIPT_SANDBOXING = YES;
				GCC_C_LANGUAGE_STANDARD = gnu17;
				GCC_DYNAMIC_NO_PIC = NO;
				GCC_NO_COMMON_BLOCKS = YES;
				GCC_OPTIMIZATION_LEVEL = 0;
				GCC_PREPROCESSOR_DEFINITIONS = (
					"DEBUG=1",
					"$(inherited)",
				);
				GCC_WARN_64_TO_32_BIT_CONVERSION = YES;
				GCC_WARN_ABOUT_RETURN_TYPE = YES_ERROR;
				GCC_WARN_UNDECLARED_SELECTOR = YES;
				GCC_WARN_UNINITIALIZED_AUTOS = YES_AGGRESSIVE;
				GCC_WARN_UNUSED_FUNCTION = YES;
				GCC_WARN_UNUSED_VARIABLE = YES;
				IPHONEOS_DEPLOYMENT_TARGET = 17.2;
				LOCALIZATION_PREFERS_STRING_CATALOGS = YES;
				MTL_ENABLE_DEBUG_INFO = INCLUDE_SOURCE;
				MTL_FAST_MATH = YES;
				ONLY_ACTIVE_ARCH = YES;
				SDKROOT = iphoneos;
				SWIFT_ACTIVE_COMPILATION_CONDITIONS = "DEBUG $(inherited)";
				SWIFT_OPTIMIZATION_LEVEL = "-Onone";
			};
			name = Debug;
		};
		9F60A6AB2B71ADCF00027624 /* Release */ = {
			isa = XCBuildConfiguration;
			buildSettings = {
				ALWAYS_SEARCH_USER_PATHS = NO;
				ASSETCATALOG_COMPILER_GENERATE_SWIFT_ASSET_SYMBOL_EXTENSIONS = YES;
				CLANG_ANALYZER_NONNULL = YES;
				CLANG_ANALYZER_NUMBER_OBJECT_CONVERSION = YES_AGGRESSIVE;
				CLANG_CXX_LANGUAGE_STANDARD = "gnu++20";
				CLANG_ENABLE_MODULES = YES;
				CLANG_ENABLE_OBJC_ARC = YES;
				CLANG_ENABLE_OBJC_WEAK = YES;
				CLANG_WARN_BLOCK_CAPTURE_AUTORELEASING = YES;
				CLANG_WARN_BOOL_CONVERSION = YES;
				CLANG_WARN_COMMA = YES;
				CLANG_WARN_CONSTANT_CONVERSION = YES;
				CLANG_WARN_DEPRECATED_OBJC_IMPLEMENTATIONS = YES;
				CLANG_WARN_DIRECT_OBJC_ISA_USAGE = YES_ERROR;
				CLANG_WARN_DOCUMENTATION_COMMENTS = YES;
				CLANG_WARN_EMPTY_BODY = YES;
				CLANG_WARN_ENUM_CONVERSION = YES;
				CLANG_WARN_INFINITE_RECURSION = YES;
				CLANG_WARN_INT_CONVERSION = YES;
				CLANG_WARN_NON_LITERAL_NULL_CONVERSION = YES;
				CLANG_WARN_OBJC_IMPLICIT_RETAIN_SELF = YES;
				CLANG_WARN_OBJC_LITERAL_CONVERSION = YES;
				CLANG_WARN_OBJC_ROOT_CLASS = YES_ERROR;
				CLANG_WARN_QUOTED_INCLUDE_IN_FRAMEWORK_HEADER = YES;
				CLANG_WARN_RANGE_LOOP_ANALYSIS = YES;
				CLANG_WARN_STRICT_PROTOTYPES = YES;
				CLANG_WARN_SUSPICIOUS_MOVE = YES;
				CLANG_WARN_UNGUARDED_AVAILABILITY = YES_AGGRESSIVE;
				CLANG_WARN_UNREACHABLE_CODE = YES;
				CLANG_WARN__DUPLICATE_METHOD_MATCH = YES;
				COPY_PHASE_STRIP = NO;
				DEBUG_INFORMATION_FORMAT = "dwarf-with-dsym";
				ENABLE_NS_ASSERTIONS = NO;
				ENABLE_STRICT_OBJC_MSGSEND = YES;
				ENABLE_USER_SCRIPT_SANDBOXING = YES;
				GCC_C_LANGUAGE_STANDARD = gnu17;
				GCC_NO_COMMON_BLOCKS = YES;
				GCC_WARN_64_TO_32_BIT_CONVERSION = YES;
				GCC_WARN_ABOUT_RETURN_TYPE = YES_ERROR;
				GCC_WARN_UNDECLARED_SELECTOR = YES;
				GCC_WARN_UNINITIALIZED_AUTOS = YES_AGGRESSIVE;
				GCC_WARN_UNUSED_FUNCTION = YES;
				GCC_WARN_UNUSED_VARIABLE = YES;
				IPHONEOS_DEPLOYMENT_TARGET = 17.2;
				LOCALIZATION_PREFERS_STRING_CATALOGS = YES;
				MTL_ENABLE_DEBUG_INFO = NO;
				MTL_FAST_MATH = YES;
				SDKROOT = iphoneos;
				SWIFT_COMPILATION_MODE = wholemodule;
				VALIDATE_PRODUCT = YES;
			};
			name = Release;
		};
		9F60A6AD2B71ADCF00027624 /* Debug */ = {
			isa = XCBuildConfiguration;
			buildSettings = {
				ASSETCATALOG_COMPILER_APPICON_NAME = AppIcon;
				ASSETCATALOG_COMPILER_GLOBAL_ACCENT_COLOR_NAME = AccentColor;
				CODE_SIGN_STYLE = Automatic;
				CURRENT_PROJECT_VERSION = 1;
				DEVELOPMENT_ASSET_PATHS = "\"CWC Challenge 5/Preview Content\"";
				DEVELOPMENT_TEAM = Q92AMKXM73;
				ENABLE_PREVIEWS = YES;
				GENERATE_INFOPLIST_FILE = YES;
				INFOPLIST_KEY_UIApplicationSceneManifest_Generation = YES;
				INFOPLIST_KEY_UIApplicationSupportsIndirectInputEvents = YES;
				INFOPLIST_KEY_UILaunchScreen_Generation = YES;
				INFOPLIST_KEY_UISupportedInterfaceOrientations_iPad = "UIInterfaceOrientationPortrait UIInterfaceOrientationPortraitUpsideDown UIInterfaceOrientationLandscapeLeft UIInterfaceOrientationLandscapeRight";
				INFOPLIST_KEY_UISupportedInterfaceOrientations_iPhone = "UIInterfaceOrientationPortrait UIInterfaceOrientationLandscapeLeft UIInterfaceOrientationLandscapeRight";
				LD_RUNPATH_SEARCH_PATHS = (
					"$(inherited)",
					"@executable_path/Frameworks",
				);
				MARKETING_VERSION = 1.0;
				PRODUCT_BUNDLE_IDENTIFIER = "beardmen4life.CWC-Challenge-5";
				PRODUCT_NAME = "$(TARGET_NAME)";
				SWIFT_EMIT_LOC_STRINGS = YES;
				SWIFT_VERSION = 5.0;
				TARGETED_DEVICE_FAMILY = "1,2";
			};
			name = Debug;
		};
		9F60A6AE2B71ADCF00027624 /* Release */ = {
			isa = XCBuildConfiguration;
			buildSettings = {
				ASSETCATALOG_COMPILER_APPICON_NAME = AppIcon;
				ASSETCATALOG_COMPILER_GLOBAL_ACCENT_COLOR_NAME = AccentColor;
				CODE_SIGN_STYLE = Automatic;
				CURRENT_PROJECT_VERSION = 1;
				DEVELOPMENT_ASSET_PATHS = "\"CWC Challenge 5/Preview Content\"";
				DEVELOPMENT_TEAM = Q92AMKXM73;
				ENABLE_PREVIEWS = YES;
				GENERATE_INFOPLIST_FILE = YES;
				INFOPLIST_KEY_UIApplicationSceneManifest_Generation = YES;
				INFOPLIST_KEY_UIApplicationSupportsIndirectInputEvents = YES;
				INFOPLIST_KEY_UILaunchScreen_Generation = YES;
				INFOPLIST_KEY_UISupportedInterfaceOrientations_iPad = "UIInterfaceOrientationPortrait UIInterfaceOrientationPortraitUpsideDown UIInterfaceOrientationLandscapeLeft UIInterfaceOrientationLandscapeRight";
				INFOPLIST_KEY_UISupportedInterfaceOrientations_iPhone = "UIInterfaceOrientationPortrait UIInterfaceOrientationLandscapeLeft UIInterfaceOrientationLandscapeRight";
				LD_RUNPATH_SEARCH_PATHS = (
					"$(inherited)",
					"@executable_path/Frameworks",
				);
				MARKETING_VERSION = 1.0;
				PRODUCT_BUNDLE_IDENTIFIER = "beardmen4life.CWC-Challenge-5";
				PRODUCT_NAME = "$(TARGET_NAME)";
				SWIFT_EMIT_LOC_STRINGS = YES;
				SWIFT_VERSION = 5.0;
				TARGETED_DEVICE_FAMILY = "1,2";
			};
			name = Release;
		};
/* End XCBuildConfiguration section */

/* Begin XCConfigurationList section */
		9F60A6992B71ADCD00027624 /* Build configuration list for PBXProject "CWC Challenge 5" */ = {
			isa = XCConfigurationList;
			buildConfigurations = (
				9F60A6AA2B71ADCF00027624 /* Debug */,
				9F60A6AB2B71ADCF00027624 /* Release */,
			);
			defaultConfigurationIsVisible = 0;
			defaultConfigurationName = Release;
		};
		9F60A6AC2B71ADCF00027624 /* Build configuration list for PBXNativeTarget "CWC Challenge 5" */ = {
			isa = XCConfigurationList;
			buildConfigurations = (
				9F60A6AD2B71ADCF00027624 /* Debug */,
				9F60A6AE2B71ADCF00027624 /* Release */,
			);
			defaultConfigurationIsVisible = 0;
			defaultConfigurationName = Release;
		};
/* End XCConfigurationList section */
	};
	rootObject = 9F60A6962B71ADCD00027624 /* Project object */;
}
